// !$*UTF8*$!
{
	archiveVersion = 1;
	classes = {
	};
	objectVersion = 46;
	objects = {

/* Begin PBXBuildFile section */
		3833A8361EC057940036624E /* AppDelegate.swift in Sources */ = {isa = PBXBuildFile; fileRef = 3833A8351EC057940036624E /* AppDelegate.swift */; };
		3833A8381EC057940036624E /* ViewController.swift in Sources */ = {isa = PBXBuildFile; fileRef = 3833A8371EC057940036624E /* ViewController.swift */; };
		3833A83B1EC057940036624E /* Main.storyboard in Resources */ = {isa = PBXBuildFile; fileRef = 3833A8391EC057940036624E /* Main.storyboard */; };
		3833A83D1EC057940036624E /* Assets.xcassets in Resources */ = {isa = PBXBuildFile; fileRef = 3833A83C1EC057940036624E /* Assets.xcassets */; };
		3833A8401EC057940036624E /* LaunchScreen.storyboard in Resources */ = {isa = PBXBuildFile; fileRef = 3833A83E1EC057940036624E /* LaunchScreen.storyboard */; };
		3833A84B1EC057940036624E /* DLPageViewTests.swift in Sources */ = {isa = PBXBuildFile; fileRef = 3833A84A1EC057940036624E /* DLPageViewTests.swift */; };
		3833A8561EC057940036624E /* DLPageViewUITests.swift in Sources */ = {isa = PBXBuildFile; fileRef = 3833A8551EC057940036624E /* DLPageViewUITests.swift */; };
		3833A8641EC058100036624E /* DLPageView.swift in Sources */ = {isa = PBXBuildFile; fileRef = 3833A8631EC058100036624E /* DLPageView.swift */; };
		3833A8661EC058270036624E /* DLTitleView.swift in Sources */ = {isa = PBXBuildFile; fileRef = 3833A8651EC058270036624E /* DLTitleView.swift */; };
		3833A8681EC0583B0036624E /* DLContentView.swift in Sources */ = {isa = PBXBuildFile; fileRef = 3833A8671EC0583B0036624E /* DLContentView.swift */; };
		3833A86A1EC059140036624E /* DLPageStyle.swift in Sources */ = {isa = PBXBuildFile; fileRef = 3833A8691EC059140036624E /* DLPageStyle.swift */; };
		3892E2A21ECC3DF800611FEE /* UIColor+Extension.swift in Sources */ = {isa = PBXBuildFile; fileRef = 3892E2A11ECC3DF800611FEE /* UIColor+Extension.swift */; };
/* End PBXBuildFile section */

/* Begin PBXContainerItemProxy section */
		3833A8471EC057940036624E /* PBXContainerItemProxy */ = {
			isa = PBXContainerItemProxy;
			containerPortal = 3833A82A1EC057940036624E /* Project object */;
			proxyType = 1;
			remoteGlobalIDString = 3833A8311EC057940036624E;
			remoteInfo = DLPageView;
		};
		3833A8521EC057940036624E /* PBXContainerItemProxy */ = {
			isa = PBXContainerItemProxy;
			containerPortal = 3833A82A1EC057940036624E /* Project object */;
			proxyType = 1;
			remoteGlobalIDString = 3833A8311EC057940036624E;
			remoteInfo = DLPageView;
		};
/* End PBXContainerItemProxy section */

/* Begin PBXFileReference section */
		3833A8321EC057940036624E /* DLPageView.app */ = {isa = PBXFileReference; explicitFileType = wrapper.application; includeInIndex = 0; path = DLPageView.app; sourceTree = BUILT_PRODUCTS_DIR; };
		3833A8351EC057940036624E /* AppDelegate.swift */ = {isa = PBXFileReference; lastKnownFileType = sourcecode.swift; path = AppDelegate.swift; sourceTree = "<group>"; };
		3833A8371EC057940036624E /* ViewController.swift */ = {isa = PBXFileReference; lastKnownFileType = sourcecode.swift; path = ViewController.swift; sourceTree = "<group>"; };
		3833A83A1EC057940036624E /* Base */ = {isa = PBXFileReference; lastKnownFileType = file.storyboard; name = Base; path = Base.lproj/Main.storyboard; sourceTree = "<group>"; };
		3833A83C1EC057940036624E /* Assets.xcassets */ = {isa = PBXFileReference; lastKnownFileType = folder.assetcatalog; path = Assets.xcassets; sourceTree = "<group>"; };
		3833A83F1EC057940036624E /* Base */ = {isa = PBXFileReference; lastKnownFileType = file.storyboard; name = Base; path = Base.lproj/LaunchScreen.storyboard; sourceTree = "<group>"; };
		3833A8411EC057940036624E /* Info.plist */ = {isa = PBXFileReference; lastKnownFileType = text.plist.xml; path = Info.plist; sourceTree = "<group>"; };
		3833A8461EC057940036624E /* DLPageViewTests.xctest */ = {isa = PBXFileReference; explicitFileType = wrapper.cfbundle; includeInIndex = 0; path = DLPageViewTests.xctest; sourceTree = BUILT_PRODUCTS_DIR; };
		3833A84A1EC057940036624E /* DLPageViewTests.swift */ = {isa = PBXFileReference; lastKnownFileType = sourcecode.swift; path = DLPageViewTests.swift; sourceTree = "<group>"; };
		3833A84C1EC057940036624E /* Info.plist */ = {isa = PBXFileReference; lastKnownFileType = text.plist.xml; path = Info.plist; sourceTree = "<group>"; };
		3833A8511EC057940036624E /* DLPageViewUITests.xctest */ = {isa = PBXFileReference; explicitFileType = wrapper.cfbundle; includeInIndex = 0; path = DLPageViewUITests.xctest; sourceTree = BUILT_PRODUCTS_DIR; };
		3833A8551EC057940036624E /* DLPageViewUITests.swift */ = {isa = PBXFileReference; lastKnownFileType = sourcecode.swift; path = DLPageViewUITests.swift; sourceTree = "<group>"; };
		3833A8571EC057940036624E /* Info.plist */ = {isa = PBXFileReference; lastKnownFileType = text.plist.xml; path = Info.plist; sourceTree = "<group>"; };
		3833A8631EC058100036624E /* DLPageView.swift */ = {isa = PBXFileReference; fileEncoding = 4; lastKnownFileType = sourcecode.swift; path = DLPageView.swift; sourceTree = "<group>"; };
		3833A8651EC058270036624E /* DLTitleView.swift */ = {isa = PBXFileReference; fileEncoding = 4; lastKnownFileType = sourcecode.swift; path = DLTitleView.swift; sourceTree = "<group>"; };
		3833A8671EC0583B0036624E /* DLContentView.swift */ = {isa = PBXFileReference; fileEncoding = 4; lastKnownFileType = sourcecode.swift; path = DLContentView.swift; sourceTree = "<group>"; };
		3833A8691EC059140036624E /* DLPageStyle.swift */ = {isa = PBXFileReference; fileEncoding = 4; lastKnownFileType = sourcecode.swift; path = DLPageStyle.swift; sourceTree = "<group>"; };
		3892E2A11ECC3DF800611FEE /* UIColor+Extension.swift */ = {isa = PBXFileReference; fileEncoding = 4; lastKnownFileType = sourcecode.swift; path = "UIColor+Extension.swift"; sourceTree = "<group>"; };
/* End PBXFileReference section */

/* Begin PBXFrameworksBuildPhase section */
		3833A82F1EC057940036624E /* Frameworks */ = {
			isa = PBXFrameworksBuildPhase;
			buildActionMask = 2147483647;
			files = (
			);
			runOnlyForDeploymentPostprocessing = 0;
		};
		3833A8431EC057940036624E /* Frameworks */ = {
			isa = PBXFrameworksBuildPhase;
			buildActionMask = 2147483647;
			files = (
			);
			runOnlyForDeploymentPostprocessing = 0;
		};
		3833A84E1EC057940036624E /* Frameworks */ = {
			isa = PBXFrameworksBuildPhase;
			buildActionMask = 2147483647;
			files = (
			);
			runOnlyForDeploymentPostprocessing = 0;
		};
/* End PBXFrameworksBuildPhase section */

/* Begin PBXGroup section */
		3833A8291EC057940036624E = {
			isa = PBXGroup;
			children = (
				3833A8341EC057940036624E /* DLPageView */,
				3833A8491EC057940036624E /* DLPageViewTests */,
				3833A8541EC057940036624E /* DLPageViewUITests */,
				3833A8331EC057940036624E /* Products */,
			);
			sourceTree = "<group>";
		};
		3833A8331EC057940036624E /* Products */ = {
			isa = PBXGroup;
			children = (
				3833A8321EC057940036624E /* DLPageView.app */,
				3833A8461EC057940036624E /* DLPageViewTests.xctest */,
				3833A8511EC057940036624E /* DLPageViewUITests.xctest */,
			);
			name = Products;
			sourceTree = "<group>";
		};
		3833A8341EC057940036624E /* DLPageView */ = {
			isa = PBXGroup;
			children = (
				3833A8631EC058100036624E /* DLPageView.swift */,
				3833A8651EC058270036624E /* DLTitleView.swift */,
				3833A8671EC0583B0036624E /* DLContentView.swift */,
				3833A8691EC059140036624E /* DLPageStyle.swift */,
				3833A8351EC057940036624E /* AppDelegate.swift */,
				3833A8371EC057940036624E /* ViewController.swift */,
				3892E2A11ECC3DF800611FEE /* UIColor+Extension.swift */,
				3833A8391EC057940036624E /* Main.storyboard */,
				3833A83C1EC057940036624E /* Assets.xcassets */,
				3833A83E1EC057940036624E /* LaunchScreen.storyboard */,
				3833A8411EC057940036624E /* Info.plist */,
			);
			path = DLPageView;
			sourceTree = "<group>";
		};
		3833A8491EC057940036624E /* DLPageViewTests */ = {
			isa = PBXGroup;
			children = (
				3833A84A1EC057940036624E /* DLPageViewTests.swift */,
				3833A84C1EC057940036624E /* Info.plist */,
			);
			path = DLPageViewTests;
			sourceTree = "<group>";
		};
		3833A8541EC057940036624E /* DLPageViewUITests */ = {
			isa = PBXGroup;
			children = (
				3833A8551EC057940036624E /* DLPageViewUITests.swift */,
				3833A8571EC057940036624E /* Info.plist */,
			);
			path = DLPageViewUITests;
			sourceTree = "<group>";
		};
/* End PBXGroup section */

/* Begin PBXNativeTarget section */
		3833A8311EC057940036624E /* DLPageView */ = {
			isa = PBXNativeTarget;
			buildConfigurationList = 3833A85A1EC057940036624E /* Build configuration list for PBXNativeTarget "DLPageView" */;
			buildPhases = (
				3833A82E1EC057940036624E /* Sources */,
				3833A82F1EC057940036624E /* Frameworks */,
				3833A8301EC057940036624E /* Resources */,
			);
			buildRules = (
			);
			dependencies = (
			);
			name = DLPageView;
			productName = DLPageView;
			productReference = 3833A8321EC057940036624E /* DLPageView.app */;
			productType = "com.apple.product-type.application";
		};
		3833A8451EC057940036624E /* DLPageViewTests */ = {
			isa = PBXNativeTarget;
			buildConfigurationList = 3833A85D1EC057940036624E /* Build configuration list for PBXNativeTarget "DLPageViewTests" */;
			buildPhases = (
				3833A8421EC057940036624E /* Sources */,
				3833A8431EC057940036624E /* Frameworks */,
				3833A8441EC057940036624E /* Resources */,
			);
			buildRules = (
			);
			dependencies = (
				3833A8481EC057940036624E /* PBXTargetDependency */,
			);
			name = DLPageViewTests;
			productName = DLPageViewTests;
			productReference = 3833A8461EC057940036624E /* DLPageViewTests.xctest */;
			productType = "com.apple.product-type.bundle.unit-test";
		};
		3833A8501EC057940036624E /* DLPageViewUITests */ = {
			isa = PBXNativeTarget;
			buildConfigurationList = 3833A8601EC057940036624E /* Build configuration list for PBXNativeTarget "DLPageViewUITests" */;
			buildPhases = (
				3833A84D1EC057940036624E /* Sources */,
				3833A84E1EC057940036624E /* Frameworks */,
				3833A84F1EC057940036624E /* Resources */,
			);
			buildRules = (
			);
			dependencies = (
				3833A8531EC057940036624E /* PBXTargetDependency */,
			);
			name = DLPageViewUITests;
			productName = DLPageViewUITests;
			productReference = 3833A8511EC057940036624E /* DLPageViewUITests.xctest */;
			productType = "com.apple.product-type.bundle.ui-testing";
		};
/* End PBXNativeTarget section */

/* Begin PBXProject section */
		3833A82A1EC057940036624E /* Project object */ = {
			isa = PBXProject;
			attributes = {
				LastSwiftUpdateCheck = 0820;
				LastUpgradeCheck = 0820;
				ORGANIZATIONNAME = LaiDongling;
				TargetAttributes = {
					3833A8311EC057940036624E = {
						CreatedOnToolsVersion = 8.2.1;
						DevelopmentTeam = H8KS5W97MJ;
						ProvisioningStyle = Manual;
					};
					3833A8451EC057940036624E = {
						CreatedOnToolsVersion = 8.2.1;
						ProvisioningStyle = Automatic;
						TestTargetID = 3833A8311EC057940036624E;
					};
					3833A8501EC057940036624E = {
						CreatedOnToolsVersion = 8.2.1;
						ProvisioningStyle = Automatic;
						TestTargetID = 3833A8311EC057940036624E;
					};
				};
			};
			buildConfigurationList = 3833A82D1EC057940036624E /* Build configuration list for PBXProject "DLPageView" */;
			compatibilityVersion = "Xcode 3.2";
			developmentRegion = English;
			hasScannedForEncodings = 0;
			knownRegions = (
				en,
				Base,
			);
			mainGroup = 3833A8291EC057940036624E;
			productRefGroup = 3833A8331EC057940036624E /* Products */;
			projectDirPath = "";
			projectRoot = "";
			targets = (
				3833A8311EC057940036624E /* DLPageView */,
				3833A8451EC057940036624E /* DLPageViewTests */,
				3833A8501EC057940036624E /* DLPageViewUITests */,
			);
		};
/* End PBXProject section */

/* Begin PBXResourcesBuildPhase section */
		3833A8301EC057940036624E /* Resources */ = {
			isa = PBXResourcesBuildPhase;
			buildActionMask = 2147483647;
			files = (
				3833A8401EC057940036624E /* LaunchScreen.storyboard in Resources */,
				3833A83D1EC057940036624E /* Assets.xcassets in Resources */,
				3833A83B1EC057940036624E /* Main.storyboard in Resources */,
			);
			runOnlyForDeploymentPostprocessing = 0;
		};
		3833A8441EC057940036624E /* Resources */ = {
			isa = PBXResourcesBuildPhase;
			buildActionMask = 2147483647;
			files = (
			);
			runOnlyForDeploymentPostprocessing = 0;
		};
		3833A84F1EC057940036624E /* Resources */ = {
			isa = PBXResourcesBuildPhase;
			buildActionMask = 2147483647;
			files = (
			);
			runOnlyForDeploymentPostprocessing = 0;
		};
/* End PBXResourcesBuildPhase section */

/* Begin PBXSourcesBuildPhase section */
		3833A82E1EC057940036624E /* Sources */ = {
			isa = PBXSourcesBuildPhase;
			buildActionMask = 2147483647;
			files = (
				3892E2A21ECC3DF800611FEE /* UIColor+Extension.swift in Sources */,
				3833A8381EC057940036624E /* ViewController.swift in Sources */,
				3833A8661EC058270036624E /* DLTitleView.swift in Sources */,
				3833A8681EC0583B0036624E /* DLContentView.swift in Sources */,
				3833A8361EC057940036624E /* AppDelegate.swift in Sources */,
				3833A86A1EC059140036624E /* DLPageStyle.swift in Sources */,
				3833A8641EC058100036624E /* DLPageView.swift in Sources */,
			);
			runOnlyForDeploymentPostprocessing = 0;
		};
		3833A8421EC057940036624E /* Sources */ = {
			isa = PBXSourcesBuildPhase;
			buildActionMask = 2147483647;
			files = (
				3833A84B1EC057940036624E /* DLPageViewTests.swift in Sources */,
			);
			runOnlyForDeploymentPostprocessing = 0;
		};
		3833A84D1EC057940036624E /* Sources */ = {
			isa = PBXSourcesBuildPhase;
			buildActionMask = 2147483647;
			files = (
				3833A8561EC057940036624E /* DLPageViewUITests.swift in Sources */,
			);
			runOnlyForDeploymentPostprocessing = 0;
		};
/* End PBXSourcesBuildPhase section */

/* Begin PBXTargetDependency section */
		3833A8481EC057940036624E /* PBXTargetDependency */ = {
			isa = PBXTargetDependency;
			target = 3833A8311EC057940036624E /* DLPageView */;
			targetProxy = 3833A8471EC057940036624E /* PBXContainerItemProxy */;
		};
		3833A8531EC057940036624E /* PBXTargetDependency */ = {
			isa = PBXTargetDependency;
			target = 3833A8311EC057940036624E /* DLPageView */;
			targetProxy = 3833A8521EC057940036624E /* PBXContainerItemProxy */;
		};
/* End PBXTargetDependency section */

/* Begin PBXVariantGroup section */
		3833A8391EC057940036624E /* Main.storyboard */ = {
			isa = PBXVariantGroup;
			children = (
				3833A83A1EC057940036624E /* Base */,
			);
			name = Main.storyboard;
			sourceTree = "<group>";
		};
		3833A83E1EC057940036624E /* LaunchScreen.storyboard */ = {
			isa = PBXVariantGroup;
			children = (
				3833A83F1EC057940036624E /* Base */,
			);
			name = LaunchScreen.storyboard;
			sourceTree = "<group>";
		};
/* End PBXVariantGroup section */

/* Begin XCBuildConfiguration section */
		3833A8581EC057940036624E /* Debug */ = {
			isa = XCBuildConfiguration;
			buildSettings = {
				ALWAYS_SEARCH_USER_PATHS = NO;
				CLANG_ANALYZER_NONNULL = YES;
				CLANG_CXX_LANGUAGE_STANDARD = "gnu++0x";
				CLANG_CXX_LIBRARY = "libc++";
				CLANG_ENABLE_MODULES = YES;
				CLANG_ENABLE_OBJC_ARC = YES;
				CLANG_WARN_BOOL_CONVERSION = YES;
				CLANG_WARN_CONSTANT_CONVERSION = YES;
				CLANG_WARN_DIRECT_OBJC_ISA_USAGE = YES_ERROR;
				CLANG_WARN_DOCUMENTATION_COMMENTS = YES;
				CLANG_WARN_EMPTY_BODY = YES;
				CLANG_WARN_ENUM_CONVERSION = YES;
				CLANG_WARN_INFINITE_RECURSION = YES;
				CLANG_WARN_INT_CONVERSION = YES;
				CLANG_WARN_OBJC_ROOT_CLASS = YES_ERROR;
				CLANG_WARN_SUSPICIOUS_MOVE = YES;
				CLANG_WARN_UNREACHABLE_CODE = YES;
				CLANG_WARN__DUPLICATE_METHOD_MATCH = YES;
				"CODE_SIGN_IDENTITY[sdk=iphoneos*]" = "iPhone Developer";
				COPY_PHASE_STRIP = NO;
				DEBUG_INFORMATION_FORMAT = dwarf;
				ENABLE_STRICT_OBJC_MSGSEND = YES;
				ENABLE_TESTABILITY = YES;
				GCC_C_LANGUAGE_STANDARD = gnu99;
				GCC_DYNAMIC_NO_PIC = NO;
				GCC_NO_COMMON_BLOCKS = YES;
				GCC_OPTIMIZATION_LEVEL = 0;
				GCC_PREPROCESSOR_DEFINITIONS = (
					"DEBUG=1",
					"$(inherited)",
				);
				GCC_WARN_64_TO_32_BIT_CONVERSION = YES;
				GCC_WARN_ABOUT_RETURN_TYPE = YES_ERROR;
				GCC_WARN_UNDECLARED_SELECTOR = YES;
				GCC_WARN_UNINITIALIZED_AUTOS = YES_AGGRESSIVE;
				GCC_WARN_UNUSED_FUNCTION = YES;
				GCC_WARN_UNUSED_VARIABLE = YES;
				IPHONEOS_DEPLOYMENT_TARGET = 10.2;
				MTL_ENABLE_DEBUG_INFO = YES;
				ONLY_ACTIVE_ARCH = YES;
				SDKROOT = iphoneos;
				SWIFT_ACTIVE_COMPILATION_CONDITIONS = DEBUG;
				SWIFT_OPTIMIZATION_LEVEL = "-Onone";
			};
			name = Debug;
		};
		3833A8591EC057940036624E /* Release */ = {
			isa = XCBuildConfiguration;
			buildSettings = {
				ALWAYS_SEARCH_USER_PATHS = NO;
				CLANG_ANALYZER_NONNULL = YES;
				CLANG_CXX_LANGUAGE_STANDARD = "gnu++0x";
				CLANG_CXX_LIBRARY = "libc++";
				CLANG_ENABLE_MODULES = YES;
				CLANG_ENABLE_OBJC_ARC = YES;
				CLANG_WARN_BOOL_CONVERSION = YES;
				CLANG_WARN_CONSTANT_CONVERSION = YES;
				CLANG_WARN_DIRECT_OBJC_ISA_USAGE = YES_ERROR;
				CLANG_WARN_DOCUMENTATION_COMMENTS = YES;
				CLANG_WARN_EMPTY_BODY = YES;
				CLANG_WARN_ENUM_CONVERSION = YES;
				CLANG_WARN_INFINITE_RECURSION = YES;
				CLANG_WARN_INT_CONVERSION = YES;
				CLANG_WARN_OBJC_ROOT_CLASS = YES_ERROR;
				CLANG_WARN_SUSPICIOUS_MOVE = YES;
				CLANG_WARN_UNREACHABLE_CODE = YES;
				CLANG_WARN__DUPLICATE_METHOD_MATCH = YES;
				"CODE_SIGN_IDENTITY[sdk=iphoneos*]" = "iPhone Developer";
				COPY_PHASE_STRIP = NO;
				DEBUG_INFORMATION_FORMAT = "dwarf-with-dsym";
				ENABLE_NS_ASSERTIONS = NO;
				ENABLE_STRICT_OBJC_MSGSEND = YES;
				GCC_C_LANGUAGE_STANDARD = gnu99;
				GCC_NO_COMMON_BLOCKS = YES;
				GCC_WARN_64_TO_32_BIT_CONVERSION = YES;
				GCC_WARN_ABOUT_RETURN_TYPE = YES_ERROR;
				GCC_WARN_UNDECLARED_SELECTOR = YES;
				GCC_WARN_UNINITIALIZED_AUTOS = YES_AGGRESSIVE;
				GCC_WARN_UNUSED_FUNCTION = YES;
				GCC_WARN_UNUSED_VARIABLE = YES;
				IPHONEOS_DEPLOYMENT_TARGET = 10.2;
				MTL_ENABLE_DEBUG_INFO = NO;
				SDKROOT = iphoneos;
				SWIFT_OPTIMIZATION_LEVEL = "-Owholemodule";
				VALIDATE_PRODUCT = YES;
			};
			name = Release;
		};
		3833A85B1EC057940036624E /* Debug */ = {
			isa = XCBuildConfiguration;
			buildSettings = {
				ASSETCATALOG_COMPILER_APPICON_NAME = AppIcon;
				"CODE_SIGN_IDENTITY[sdk=iphoneos*]" = "iPhone Developer";
				DEVELOPMENT_TEAM = H8KS5W97MJ;
				INFOPLIST_FILE = DLPageView/Info.plist;
				IPHONEOS_DEPLOYMENT_TARGET = 8.3;
				LD_RUNPATH_SEARCH_PATHS = "$(inherited) @executable_path/Frameworks";
				PRODUCT_BUNDLE_IDENTIFIER = com.ehuu.linlin;
				PRODUCT_NAME = "$(TARGET_NAME)";
				PROVISIONING_PROFILE = "f797ce76-e1c5-4c5d-9098-bced0bc412c1";
				PROVISIONING_PROFILE_SPECIFIER = EHUU_LINLIN_Developer;
				SWIFT_VERSION = 3.0;
			};
			name = Debug;
		};
		3833A85C1EC057940036624E /* Release */ = {
			isa = XCBuildConfiguration;
			buildSettings = {
				ASSETCATALOG_COMPILER_APPICON_NAME = AppIcon;
				"CODE_SIGN_IDENTITY[sdk=iphoneos*]" = "iPhone Developer";
				DEVELOPMENT_TEAM = "";
				INFOPLIST_FILE = DLPageView/Info.plist;
				IPHONEOS_DEPLOYMENT_TARGET = 8.3;
				LD_RUNPATH_SEARCH_PATHS = "$(inherited) @executable_path/Frameworks";
				PRODUCT_BUNDLE_IDENTIFIER = com.ehuu.linlin;
				PRODUCT_NAME = "$(TARGET_NAME)";
				PROVISIONING_PROFILE = "";
				PROVISIONING_PROFILE_SPECIFIER = "";
				SWIFT_VERSION = 3.0;
			};
			name = Release;
		};
		3833A85E1EC057940036624E /* Debug */ = {
			isa = XCBuildConfiguration;
			buildSettings = {
				ALWAYS_EMBED_SWIFT_STANDARD_LIBRARIES = YES;
				BUNDLE_LOADER = "$(TEST_HOST)";
				INFOPLIST_FILE = DLPageViewTests/Info.plist;
				LD_RUNPATH_SEARCH_PATHS = "$(inherited) @executable_path/Frameworks @loader_path/Frameworks";
				PRODUCT_BUNDLE_IDENTIFIER = wwww.DLPageViewTests;
				PRODUCT_NAME = "$(TARGET_NAME)";
				SWIFT_VERSION = 3.0;
				TEST_HOST = "$(BUILT_PRODUCTS_DIR)/DLPageView.app/DLPageView";
			};
			name = Debug;
		};
		3833A85F1EC057940036624E /* Release */ = {
			isa = XCBuildConfiguration;
			buildSettings = {
				ALWAYS_EMBED_SWIFT_STANDARD_LIBRARIES = YES;
				BUNDLE_LOADER = "$(TEST_HOST)";
				INFOPLIST_FILE = DLPageViewTests/Info.plist;
				LD_RUNPATH_SEARCH_PATHS = "$(inherited) @executable_path/Frameworks @loader_path/Frameworks";
				PRODUCT_BUNDLE_IDENTIFIER = wwww.DLPageViewTests;
				PRODUCT_NAME = "$(TARGET_NAME)";
				SWIFT_VERSION = 3.0;
				TEST_HOST = "$(BUILT_PRODUCTS_DIR)/DLPageView.app/DLPageView";
			};
			name = Release;
		};
		3833A8611EC057940036624E /* Debug */ = {
			isa = XCBuildConfiguration;
			buildSettings = {
				ALWAYS_EMBED_SWIFT_STANDARD_LIBRARIES = YES;
				INFOPLIST_FILE = DLPageViewUITests/Info.plist;
				LD_RUNPATH_SEARCH_PATHS = "$(inherited) @executable_path/Frameworks @loader_path/Frameworks";
				PRODUCT_BUNDLE_IDENTIFIER = wwww.DLPageViewUITests;
				PRODUCT_NAME = "$(TARGET_NAME)";
				SWIFT_VERSION = 3.0;
				TEST_TARGET_NAME = DLPageView;
			};
			name = Debug;
		};
		3833A8621EC057940036624E /* Release */ = {
			isa = XCBuildConfiguration;
			buildSettings = {
				ALWAYS_EMBED_SWIFT_STANDARD_LIBRARIES = YES;
				INFOPLIST_FILE = DLPageViewUITests/Info.plist;
				LD_RUNPATH_SEARCH_PATHS = "$(inherited) @executable_path/Frameworks @loader_path/Frameworks";
				PRODUCT_BUNDLE_IDENTIFIER = wwww.DLPageViewUITests;
				PRODUCT_NAME = "$(TARGET_NAME)";
				SWIFT_VERSION = 3.0;
				TEST_TARGET_NAME = DLPageView;
			};
			name = Release;
		};
/* End XCBuildConfiguration section */

/* Begin XCConfigurationList section */
		3833A82D1EC057940036624E /* Build configuration list for PBXProject "DLPageView" */ = {
			isa = XCConfigurationList;
			buildConfigurations = (
				3833A8581EC057940036624E /* Debug */,
				3833A8591EC057940036624E /* Release */,
			);
			defaultConfigurationIsVisible = 0;
			defaultConfigurationName = Release;
		};
		3833A85A1EC057940036624E /* Build configuration list for PBXNativeTarget "DLPageView" */ = {
			isa = XCConfigurationList;
			buildConfigurations = (
				3833A85B1EC057940036624E /* Debug */,
				3833A85C1EC057940036624E /* Release */,
			);
			defaultConfigurationIsVisible = 0;
			defaultConfigurationName = Release;
		};
		3833A85D1EC057940036624E /* Build configuration list for PBXNativeTarget "DLPageViewTests" */ = {
			isa = XCConfigurationList;
			buildConfigurations = (
				3833A85E1EC057940036624E /* Debug */,
				3833A85F1EC057940036624E /* Release */,
			);
			defaultConfigurationIsVisible = 0;
			defaultConfigurationName = Release;
		};
		3833A8601EC057940036624E /* Build configuration list for PBXNativeTarget "DLPageViewUITests" */ = {
			isa = XCConfigurationList;
			buildConfigurations = (
				3833A8611EC057940036624E /* Debug */,
				3833A8621EC057940036624E /* Release */,
			);
			defaultConfigurationIsVisible = 0;
			defaultConfigurationName = Release;
		};
/* End XCConfigurationList section */
	};
	rootObject = 3833A82A1EC057940036624E /* Project object */;
}
